
Microsoft Visual Studio Solution File, Format Version 12.00
# Visual Studio Version 16
VisualStudioVersion = 16.0.29609.76
MinimumVisualStudioVersion = 10.0.40219.1
Project("{FAE04EC0-301F-11D3-BF4B-00C04F79EFBC}") = "E.ExploreDeezer", "E.ExploreDeezer\E.ExploreDeezer.csproj", "{F28CD993-D5AA-4D55-B812-16E216EE3DBC}"
EndProject
Global
	GlobalSection(SolutionConfigurationPlatforms) = preSolution
		Debug|Any CPU = Debug|Any CPU
		Release|Any CPU = Release|Any CPU
	EndGlobalSection
	GlobalSection(ProjectConfigurationPlatforms) = postSolution
		{F28CD993-D5AA-4D55-B812-16E216EE3DBC}.Debug|Any CPU.ActiveCfg = Debug|Any CPU
		{F28CD993-D5AA-4D55-B812-16E216EE3DBC}.Debug|Any CPU.Build.0 = Debug|Any CPU
		{F28CD993-D5AA-4D55-B812-16E216EE3DBC}.Release|Any CPU.ActiveCfg = Release|Any CPU
		{F28CD993-D5AA-4D55-B812-16E216EE3DBC}.Release|Any CPU.Build.0 = Release|Any CPU
	EndGlobalSection
	GlobalSection(SolutionProperties) = preSolution
		HideSolutionNode = FALSE
	EndGlobalSection
	GlobalSection(ExtensibilityGlobals) = postSolution
		SolutionGuid = {318442FA-458C-45D5-AFDA-58CAF0D37D52}
	EndGlobalSection
EndGlobal
