
Microsoft Visual Studio Solution File, Format Version 12.00
# Visual Studio Version 16
VisualStudioVersion = 16.0.29609.76
MinimumVisualStudioVersion = 10.0.40219.1
Project("{9A19103F-16F7-4668-BE54-9A1E7A4F7556}") = "E.ExploreDeezer", "E.ExploreDeezer\E.ExploreDeezer.csproj", "{F28CD993-D5AA-4D55-B812-16E216EE3DBC}"
EndProject
Project("{FAE04EC0-301F-11D3-BF4B-00C04F79EFBC}") = "E.ExploreDeezer.UWP", "E.ExploreDeezer.UWP\E.ExploreDeezer.UWP.csproj", "{EF369F4A-16C4-482E-849D-FECB6B234B7B}"
EndProject
Global
	GlobalSection(SolutionConfigurationPlatforms) = preSolution
		Debug|Any CPU = Debug|Any CPU
		Debug|ARM = Debug|ARM
		Debug|ARM64 = Debug|ARM64
		Debug|x64 = Debug|x64
		Debug|x86 = Debug|x86
		Release|Any CPU = Release|Any CPU
		Release|ARM = Release|ARM
		Release|ARM64 = Release|ARM64
		Release|x64 = Release|x64
		Release|x86 = Release|x86
	EndGlobalSection
	GlobalSection(ProjectConfigurationPlatforms) = postSolution
		{F28CD993-D5AA-4D55-B812-16E216EE3DBC}.Debug|Any CPU.ActiveCfg = Debug|Any CPU
		{F28CD993-D5AA-4D55-B812-16E216EE3DBC}.Debug|Any CPU.Build.0 = Debug|Any CPU
		{F28CD993-D5AA-4D55-B812-16E216EE3DBC}.Debug|ARM.ActiveCfg = Debug|Any CPU
		{F28CD993-D5AA-4D55-B812-16E216EE3DBC}.Debug|ARM.Build.0 = Debug|Any CPU
		{F28CD993-D5AA-4D55-B812-16E216EE3DBC}.Debug|ARM64.ActiveCfg = Debug|Any CPU
		{F28CD993-D5AA-4D55-B812-16E216EE3DBC}.Debug|ARM64.Build.0 = Debug|Any CPU
		{F28CD993-D5AA-4D55-B812-16E216EE3DBC}.Debug|x64.ActiveCfg = Debug|Any CPU
		{F28CD993-D5AA-4D55-B812-16E216EE3DBC}.Debug|x64.Build.0 = Debug|Any CPU
		{F28CD993-D5AA-4D55-B812-16E216EE3DBC}.Debug|x86.ActiveCfg = Debug|Any CPU
		{F28CD993-D5AA-4D55-B812-16E216EE3DBC}.Debug|x86.Build.0 = Debug|Any CPU
		{F28CD993-D5AA-4D55-B812-16E216EE3DBC}.Release|Any CPU.ActiveCfg = Release|Any CPU
		{F28CD993-D5AA-4D55-B812-16E216EE3DBC}.Release|Any CPU.Build.0 = Release|Any CPU
		{F28CD993-D5AA-4D55-B812-16E216EE3DBC}.Release|ARM.ActiveCfg = Release|Any CPU
		{F28CD993-D5AA-4D55-B812-16E216EE3DBC}.Release|ARM.Build.0 = Release|Any CPU
		{F28CD993-D5AA-4D55-B812-16E216EE3DBC}.Release|ARM64.ActiveCfg = Release|Any CPU
		{F28CD993-D5AA-4D55-B812-16E216EE3DBC}.Release|ARM64.Build.0 = Release|Any CPU
		{F28CD993-D5AA-4D55-B812-16E216EE3DBC}.Release|x64.ActiveCfg = Release|Any CPU
		{F28CD993-D5AA-4D55-B812-16E216EE3DBC}.Release|x64.Build.0 = Release|Any CPU
		{F28CD993-D5AA-4D55-B812-16E216EE3DBC}.Release|x86.ActiveCfg = Release|Any CPU
		{F28CD993-D5AA-4D55-B812-16E216EE3DBC}.Release|x86.Build.0 = Release|Any CPU
		{EF369F4A-16C4-482E-849D-FECB6B234B7B}.Debug|Any CPU.ActiveCfg = Debug|x86
		{EF369F4A-16C4-482E-849D-FECB6B234B7B}.Debug|ARM.ActiveCfg = Debug|ARM
		{EF369F4A-16C4-482E-849D-FECB6B234B7B}.Debug|ARM.Build.0 = Debug|ARM
		{EF369F4A-16C4-482E-849D-FECB6B234B7B}.Debug|ARM.Deploy.0 = Debug|ARM
		{EF369F4A-16C4-482E-849D-FECB6B234B7B}.Debug|ARM64.ActiveCfg = Debug|ARM64
		{EF369F4A-16C4-482E-849D-FECB6B234B7B}.Debug|ARM64.Build.0 = Debug|ARM64
		{EF369F4A-16C4-482E-849D-FECB6B234B7B}.Debug|ARM64.Deploy.0 = Debug|ARM64
		{EF369F4A-16C4-482E-849D-FECB6B234B7B}.Debug|x64.ActiveCfg = Debug|x64
		{EF369F4A-16C4-482E-849D-FECB6B234B7B}.Debug|x64.Build.0 = Debug|x64
		{EF369F4A-16C4-482E-849D-FECB6B234B7B}.Debug|x64.Deploy.0 = Debug|x64
		{EF369F4A-16C4-482E-849D-FECB6B234B7B}.Debug|x86.ActiveCfg = Debug|x86
		{EF369F4A-16C4-482E-849D-FECB6B234B7B}.Debug|x86.Build.0 = Debug|x86
		{EF369F4A-16C4-482E-849D-FECB6B234B7B}.Debug|x86.Deploy.0 = Debug|x86
		{EF369F4A-16C4-482E-849D-FECB6B234B7B}.Release|Any CPU.ActiveCfg = Release|x86
		{EF369F4A-16C4-482E-849D-FECB6B234B7B}.Release|ARM.ActiveCfg = Release|ARM
		{EF369F4A-16C4-482E-849D-FECB6B234B7B}.Release|ARM.Build.0 = Release|ARM
		{EF369F4A-16C4-482E-849D-FECB6B234B7B}.Release|ARM.Deploy.0 = Release|ARM
		{EF369F4A-16C4-482E-849D-FECB6B234B7B}.Release|ARM64.ActiveCfg = Release|ARM64
		{EF369F4A-16C4-482E-849D-FECB6B234B7B}.Release|ARM64.Build.0 = Release|ARM64
		{EF369F4A-16C4-482E-849D-FECB6B234B7B}.Release|ARM64.Deploy.0 = Release|ARM64
		{EF369F4A-16C4-482E-849D-FECB6B234B7B}.Release|x64.ActiveCfg = Release|x64
		{EF369F4A-16C4-482E-849D-FECB6B234B7B}.Release|x64.Build.0 = Release|x64
		{EF369F4A-16C4-482E-849D-FECB6B234B7B}.Release|x64.Deploy.0 = Release|x64
		{EF369F4A-16C4-482E-849D-FECB6B234B7B}.Release|x86.ActiveCfg = Release|x86
		{EF369F4A-16C4-482E-849D-FECB6B234B7B}.Release|x86.Build.0 = Release|x86
		{EF369F4A-16C4-482E-849D-FECB6B234B7B}.Release|x86.Deploy.0 = Release|x86
	EndGlobalSection
	GlobalSection(SolutionProperties) = preSolution
		HideSolutionNode = FALSE
	EndGlobalSection
	GlobalSection(ExtensibilityGlobals) = postSolution
		SolutionGuid = {318442FA-458C-45D5-AFDA-58CAF0D37D52}
	EndGlobalSection
EndGlobal
